[[package]]
name = "ansi_term"
version = "0.9.0"
source = "registry+https://github.com/rust-lang/crates.io-index"

[[package]]
name = "atty"
version = "0.2.11"
source = "registry+https://github.com/rust-lang/crates.io-index"
dependencies = [
 "libc 0.2.43 (registry+https://github.com/rust-lang/crates.io-index)",
 "termion 1.5.1 (registry+https://github.com/rust-lang/crates.io-index)",
 "winapi 0.3.5 (registry+https://github.com/rust-lang/crates.io-index)",
]

[[package]]
name = "bitflags"
version = "0.9.1"
source = "registry+https://github.com/rust-lang/crates.io-index"

[[package]]
name = "clap"
version = "2.27.1"
source = "registry+https://github.com/rust-lang/crates.io-index"
dependencies = [
 "ansi_term 0.9.0 (registry+https://github.com/rust-lang/crates.io-index)",
 "atty 0.2.11 (registry+https://github.com/rust-lang/crates.io-index)",
 "bitflags 0.9.1 (registry+https://github.com/rust-lang/crates.io-index)",
 "strsim 0.6.0 (registry+https://github.com/rust-lang/crates.io-index)",
 "textwrap 0.9.0 (registry+https://github.com/rust-lang/crates.io-index)",
 "unicode-width 0.1.5 (registry+https://github.com/rust-lang/crates.io-index)",
 "vec_map 0.8.1 (registry+https://github.com/rust-lang/crates.io-index)",
]

[[package]]
name = "easter"
version = "0.0.5"
source = "registry+https://github.com/rust-lang/crates.io-index"
dependencies = [
 "joker 0.0.5 (registry+https://github.com/rust-lang/crates.io-index)",
]

[[package]]
name = "esprit"
version = "0.0.5"
source = "registry+https://github.com/rust-lang/crates.io-index"
dependencies = [
 "easter 0.0.5 (registry+https://github.com/rust-lang/crates.io-index)",
 "estree 0.0.5 (registry+https://github.com/rust-lang/crates.io-index)",
 "joker 0.0.5 (registry+https://github.com/rust-lang/crates.io-index)",
 "serde 0.7.15 (registry+https://github.com/rust-lang/crates.io-index)",
 "serde_json 0.7.4 (registry+https://github.com/rust-lang/crates.io-index)",
 "unjson 0.0.5 (registry+https://github.com/rust-lang/crates.io-index)",
]

[[package]]
name = "estree"
version = "0.0.5"
source = "registry+https://github.com/rust-lang/crates.io-index"
dependencies = [
 "easter 0.0.5 (registry+https://github.com/rust-lang/crates.io-index)",
 "joker 0.0.5 (registry+https://github.com/rust-lang/crates.io-index)",
 "serde 0.7.15 (registry+https://github.com/rust-lang/crates.io-index)",
 "serde_json 0.7.4 (registry+https://github.com/rust-lang/crates.io-index)",
 "unjson 0.0.5 (registry+https://github.com/rust-lang/crates.io-index)",
]

[[package]]
name = "itoa"
version = "0.1.1"
source = "registry+https://github.com/rust-lang/crates.io-index"

[[package]]
name = "itoa"
version = "0.4.2"
source = "registry+https://github.com/rust-lang/crates.io-index"

[[package]]
name = "joker"
version = "0.0.5"
source = "registry+https://github.com/rust-lang/crates.io-index"
dependencies = [
 "serde_json 0.7.4 (registry+https://github.com/rust-lang/crates.io-index)",
 "unjson 0.0.5 (registry+https://github.com/rust-lang/crates.io-index)",
]

[[package]]
name = "jsc"
version = "0.1.0"
dependencies = [
 "clap 2.27.1 (registry+https://github.com/rust-lang/crates.io-index)",
 "easter 0.0.5 (registry+https://github.com/rust-lang/crates.io-index)",
 "esprit 0.0.5 (registry+https://github.com/rust-lang/crates.io-index)",
 "joker 0.0.5 (registry+https://github.com/rust-lang/crates.io-index)",
 "serde 1.0.75 (registry+https://github.com/rust-lang/crates.io-index)",
 "serde_derive 1.0.75 (registry+https://github.com/rust-lang/crates.io-index)",
 "serde_json 1.0.26 (registry+https://github.com/rust-lang/crates.io-index)",
]

[[package]]
name = "libc"
version = "0.2.43"
source = "registry+https://github.com/rust-lang/crates.io-index"

[[package]]
name = "num-traits"
version = "0.1.43"
source = "registry+https://github.com/rust-lang/crates.io-index"
dependencies = [
 "num-traits 0.2.4 (registry+https://github.com/rust-lang/crates.io-index)",
]

[[package]]
name = "num-traits"
version = "0.2.4"
source = "registry+https://github.com/rust-lang/crates.io-index"

[[package]]
name = "proc-macro2"
version = "0.4.13"
source = "registry+https://github.com/rust-lang/crates.io-index"
dependencies = [
 "unicode-xid 0.1.0 (registry+https://github.com/rust-lang/crates.io-index)",
]

[[package]]
name = "quote"
version = "0.6.8"
source = "registry+https://github.com/rust-lang/crates.io-index"
dependencies = [
 "proc-macro2 0.4.13 (registry+https://github.com/rust-lang/crates.io-index)",
]

[[package]]
name = "redox_syscall"
version = "0.1.40"
source = "registry+https://github.com/rust-lang/crates.io-index"

[[package]]
name = "redox_termios"
version = "0.1.1"
source = "registry+https://github.com/rust-lang/crates.io-index"
dependencies = [
 "redox_syscall 0.1.40 (registry+https://github.com/rust-lang/crates.io-index)",
]

[[package]]
name = "ryu"
version = "0.2.5"
source = "registry+https://github.com/rust-lang/crates.io-index"

[[package]]
name = "serde"
version = "0.7.15"
source = "registry+https://github.com/rust-lang/crates.io-index"

[[package]]
name = "serde"
version = "1.0.75"
source = "registry+https://github.com/rust-lang/crates.io-index"

[[package]]
name = "serde_derive"
version = "1.0.75"
source = "registry+https://github.com/rust-lang/crates.io-index"
dependencies = [
 "proc-macro2 0.4.13 (registry+https://github.com/rust-lang/crates.io-index)",
 "quote 0.6.8 (registry+https://github.com/rust-lang/crates.io-index)",
 "syn 0.14.9 (registry+https://github.com/rust-lang/crates.io-index)",
]

[[package]]
name = "serde_json"
version = "0.7.4"
source = "registry+https://github.com/rust-lang/crates.io-index"
dependencies = [
 "itoa 0.1.1 (registry+https://github.com/rust-lang/crates.io-index)",
 "num-traits 0.1.43 (registry+https://github.com/rust-lang/crates.io-index)",
 "serde 0.7.15 (registry+https://github.com/rust-lang/crates.io-index)",
]

[[package]]
name = "serde_json"
version = "1.0.26"
source = "registry+https://github.com/rust-lang/crates.io-index"
dependencies = [
 "itoa 0.4.2 (registry+https://github.com/rust-lang/crates.io-index)",
 "ryu 0.2.5 (registry+https://github.com/rust-lang/crates.io-index)",
 "serde 1.0.75 (registry+https://github.com/rust-lang/crates.io-index)",
]

[[package]]
name = "strsim"
version = "0.6.0"
source = "registry+https://github.com/rust-lang/crates.io-index"

[[package]]
name = "syn"
version = "0.14.9"
source = "registry+https://github.com/rust-lang/crates.io-index"
dependencies = [
 "proc-macro2 0.4.13 (registry+https://github.com/rust-lang/crates.io-index)",
 "quote 0.6.8 (registry+https://github.com/rust-lang/crates.io-index)",
 "unicode-xid 0.1.0 (registry+https://github.com/rust-lang/crates.io-index)",
]

[[package]]
name = "termion"
version = "1.5.1"
source = "registry+https://github.com/rust-lang/crates.io-index"
dependencies = [
 "libc 0.2.43 (registry+https://github.com/rust-lang/crates.io-index)",
 "redox_syscall 0.1.40 (registry+https://github.com/rust-lang/crates.io-index)",
 "redox_termios 0.1.1 (registry+https://github.com/rust-lang/crates.io-index)",
]

[[package]]
name = "textwrap"
version = "0.9.0"
source = "registry+https://github.com/rust-lang/crates.io-index"
dependencies = [
 "unicode-width 0.1.5 (registry+https://github.com/rust-lang/crates.io-index)",
]

[[package]]
name = "unicode-width"
version = "0.1.5"
source = "registry+https://github.com/rust-lang/crates.io-index"

[[package]]
name = "unicode-xid"
version = "0.1.0"
source = "registry+https://github.com/rust-lang/crates.io-index"

[[package]]
name = "unjson"
version = "0.0.5"
source = "registry+https://github.com/rust-lang/crates.io-index"
dependencies = [
 "serde_json 0.7.4 (registry+https://github.com/rust-lang/crates.io-index)",
]

[[package]]
name = "vec_map"
version = "0.8.1"
source = "registry+https://github.com/rust-lang/crates.io-index"

[[package]]
name = "winapi"
version = "0.3.5"
source = "registry+https://github.com/rust-lang/crates.io-index"
dependencies = [
 "winapi-i686-pc-windows-gnu 0.4.0 (registry+https://github.com/rust-lang/crates.io-index)",
 "winapi-x86_64-pc-windows-gnu 0.4.0 (registry+https://github.com/rust-lang/crates.io-index)",
]

[[package]]
name = "winapi-i686-pc-windows-gnu"
version = "0.4.0"
source = "registry+https://github.com/rust-lang/crates.io-index"

[[package]]
name = "winapi-x86_64-pc-windows-gnu"
version = "0.4.0"
source = "registry+https://github.com/rust-lang/crates.io-index"

[metadata]
"checksum ansi_term 0.9.0 (registry+https://github.com/rust-lang/crates.io-index)" = "23ac7c30002a5accbf7e8987d0632fa6de155b7c3d39d0067317a391e00a2ef6"
"checksum atty 0.2.11 (registry+https://github.com/rust-lang/crates.io-index)" = "9a7d5b8723950951411ee34d271d99dddcc2035a16ab25310ea2c8cfd4369652"
"checksum bitflags 0.9.1 (registry+https://github.com/rust-lang/crates.io-index)" = "4efd02e230a02e18f92fc2735f44597385ed02ad8f831e7c1c1156ee5e1ab3a5"
"checksum clap 2.27.1 (registry+https://github.com/rust-lang/crates.io-index)" = "1b8c532887f1a292d17de05ae858a8fe50a301e196f9ef0ddb7ccd0d1d00f180"
"checksum easter 0.0.5 (registry+https://github.com/rust-lang/crates.io-index)" = "b3793ff2800423f2e1c1dafec7e88442395104fe8c56af792000be6b40d4ee38"
"checksum esprit 0.0.5 (registry+https://github.com/rust-lang/crates.io-index)" = "14933b1674f3aca34790f3867aba4a34e4476029e7b29d3bc9c9c4a3b3591207"
"checksum estree 0.0.5 (registry+https://github.com/rust-lang/crates.io-index)" = "bc6e86a81b6d4e9c5d23a015e99a66a8cfa40c80590a1e5dc3f885c8c3ba0b10"
"checksum itoa 0.1.1 (registry+https://github.com/rust-lang/crates.io-index)" = "ae3088ea4baeceb0284ee9eea42f591226e6beaecf65373e41b38d95a1b8e7a1"
"checksum itoa 0.4.2 (registry+https://github.com/rust-lang/crates.io-index)" = "5adb58558dcd1d786b5f0bd15f3226ee23486e24b7b58304b60f64dc68e62606"
"checksum joker 0.0.5 (registry+https://github.com/rust-lang/crates.io-index)" = "8df9d26d5d26564c6644a0d83fe16b495b650ae6cabc323896467a413bc52048"
"checksum libc 0.2.43 (registry+https://github.com/rust-lang/crates.io-index)" = "76e3a3ef172f1a0b9a9ff0dd1491ae5e6c948b94479a3021819ba7d860c8645d"
"checksum num-traits 0.1.43 (registry+https://github.com/rust-lang/crates.io-index)" = "92e5113e9fd4cc14ded8e499429f396a20f98c772a47cc8622a736e1ec843c31"
"checksum num-traits 0.2.4 (registry+https://github.com/rust-lang/crates.io-index)" = "775393e285254d2f5004596d69bb8bc1149754570dcc08cf30cabeba67955e28"
"checksum proc-macro2 0.4.13 (registry+https://github.com/rust-lang/crates.io-index)" = "ee5697238f0d893c7f0ecc59c0999f18d2af85e424de441178bcacc9f9e6cf67"
"checksum quote 0.6.8 (registry+https://github.com/rust-lang/crates.io-index)" = "dd636425967c33af890042c483632d33fa7a18f19ad1d7ea72e8998c6ef8dea5"
"checksum redox_syscall 0.1.40 (registry+https://github.com/rust-lang/crates.io-index)" = "c214e91d3ecf43e9a4e41e578973adeb14b474f2bee858742d127af75a0112b1"
"checksum redox_termios 0.1.1 (registry+https://github.com/rust-lang/crates.io-index)" = "7e891cfe48e9100a70a3b6eb652fef28920c117d366339687bd5576160db0f76"
"checksum ryu 0.2.5 (registry+https://github.com/rust-lang/crates.io-index)" = "e7c066b8e2923f05d4718a06d2622f189ff362bc642bfade6c6629f0440f3827"
"checksum serde 0.7.15 (registry+https://github.com/rust-lang/crates.io-index)" = "1b0e0732aa8ec4267f61815a396a942ba3525062e3bd5520aa8419927cfc0a92"
"checksum serde 1.0.75 (registry+https://github.com/rust-lang/crates.io-index)" = "22d340507cea0b7e6632900a176101fea959c7065d93ba555072da90aaaafc87"
"checksum serde_derive 1.0.75 (registry+https://github.com/rust-lang/crates.io-index)" = "234fc8b737737b148ccd625175fc6390f5e4dacfdaa543cb93a3430d984a9119"
"checksum serde_json 0.7.4 (registry+https://github.com/rust-lang/crates.io-index)" = "b22e8a0554f31cb0f501e027de07b253553b308124f61c57598b9678dba35c0b"
"checksum serde_json 1.0.26 (registry+https://github.com/rust-lang/crates.io-index)" = "44dd2cfde475037451fa99b7e5df77aa3cfd1536575fa8e7a538ab36dcde49ae"
"checksum strsim 0.6.0 (registry+https://github.com/rust-lang/crates.io-index)" = "b4d15c810519a91cf877e7e36e63fe068815c678181439f2f29e2562147c3694"
"checksum syn 0.14.9 (registry+https://github.com/rust-lang/crates.io-index)" = "261ae9ecaa397c42b960649561949d69311f08eeaea86a65696e6e46517cf741"
"checksum termion 1.5.1 (registry+https://github.com/rust-lang/crates.io-index)" = "689a3bdfaab439fd92bc87df5c4c78417d3cbe537487274e9b0b2dce76e92096"
"checksum textwrap 0.9.0 (registry+https://github.com/rust-lang/crates.io-index)" = "c0b59b6b4b44d867f1370ef1bd91bfb262bf07bf0ae65c202ea2fbc16153b693"
"checksum unicode-width 0.1.5 (registry+https://github.com/rust-lang/crates.io-index)" = "882386231c45df4700b275c7ff55b6f3698780a650026380e72dabe76fa46526"
"checksum unicode-xid 0.1.0 (registry+https://github.com/rust-lang/crates.io-index)" = "fc72304796d0818e357ead4e000d19c9c174ab23dc11093ac919054d20a6a7fc"
"checksum unjson 0.0.5 (registry+https://github.com/rust-lang/crates.io-index)" = "d2252aac46cca9516c8e2b2299ecae6c64ca55039cee3f9e5420f814c5d587c7"
"checksum vec_map 0.8.1 (registry+https://github.com/rust-lang/crates.io-index)" = "05c78687fb1a80548ae3250346c3db86a80a7cdd77bda190189f2d0a0987c81a"
"checksum winapi 0.3.5 (registry+https://github.com/rust-lang/crates.io-index)" = "773ef9dcc5f24b7d850d0ff101e542ff24c3b090a9768e03ff889fdef41f00fd"
"checksum winapi-i686-pc-windows-gnu 0.4.0 (registry+https://github.com/rust-lang/crates.io-index)" = "ac3b87c63620426dd9b991e5ce0329eff545bccbbb34f3be09ff6fb6ab51b7b6"
"checksum winapi-x86_64-pc-windows-gnu 0.4.0 (registry+https://github.com/rust-lang/crates.io-index)" = "712e227841d057c1ee1cd2fb22fa7e5a5461ae8e48fa2ca79ec42cfc1931183f"
